
Microsoft Visual Studio Solution File, Format Version 12.00
# Visual Studio Version 17
VisualStudioVersion = 17.4.33110.190
MinimumVisualStudioVersion = 10.0.40219.1
Project("{FAE04EC0-301F-11D3-BF4B-00C04F79EFBC}") = "TicTac", "TicTac\TicTac.csproj", "{4BC75CF5-2D50-46FD-8310-B4B3AB2228B7}"
EndProject
Global
	GlobalSection(SolutionConfigurationPlatforms) = preSolution
		Debug|Any CPU = Debug|Any CPU
		Release|Any CPU = Release|Any CPU
	EndGlobalSection
	GlobalSection(ProjectConfigurationPlatforms) = postSolution
		{4BC75CF5-2D50-46FD-8310-B4B3AB2228B7}.Debug|Any CPU.ActiveCfg = Debug|Any CPU
		{4BC75CF5-2D50-46FD-8310-B4B3AB2228B7}.Debug|Any CPU.Build.0 = Debug|Any CPU
		{4BC75CF5-2D50-46FD-8310-B4B3AB2228B7}.Release|Any CPU.ActiveCfg = Release|Any CPU
		{4BC75CF5-2D50-46FD-8310-B4B3AB2228B7}.Release|Any CPU.Build.0 = Release|Any CPU
	EndGlobalSection
	GlobalSection(SolutionProperties) = preSolution
		HideSolutionNode = FALSE
	EndGlobalSection
	GlobalSection(ExtensibilityGlobals) = postSolution
		SolutionGuid = {103E7184-C0B3-4CF9-9894-C11C6D757FB6}
	EndGlobalSection
EndGlobal
